
Microsoft Visual Studio Solution File, Format Version 12.00
# Visual Studio 2013
VisualStudioVersion = 12.0.31101.0
MinimumVisualStudioVersion = 10.0.40219.1
Project("{FAE04EC0-301F-11D3-BF4B-00C04F79EFBC}") = "ripoffnigeriaonline", "ripoffnigeriaonline\ripoffnigeriaonline.csproj", "{FEDCE6FA-87F8-4AD9-AFC9-9E60E1168EFA}"
EndProject
Project("{FAE04EC0-301F-11D3-BF4B-00C04F79EFBC}") = "ripoffnigeria.DTO", "ripoffnigeria.DTO\ripoffnigeria.DTO.csproj", "{34937631-E13D-4202-B768-68A4CBD24E90}"
EndProject
Project("{FAE04EC0-301F-11D3-BF4B-00C04F79EFBC}") = "ripoffnigeria.Repository", "ripoffnigeria.Repository\ripoffnigeria.Repository.csproj", "{EE587501-529A-4FB2-87FC-2BAE2E3EA490}"
EndProject
Global
	GlobalSection(SolutionConfigurationPlatforms) = preSolution
		Debug|Any CPU = Debug|Any CPU
		Release|Any CPU = Release|Any CPU
	EndGlobalSection
	GlobalSection(ProjectConfigurationPlatforms) = postSolution
		{FEDCE6FA-87F8-4AD9-AFC9-9E60E1168EFA}.Debug|Any CPU.ActiveCfg = Debug|Any CPU
		{FEDCE6FA-87F8-4AD9-AFC9-9E60E1168EFA}.Debug|Any CPU.Build.0 = Debug|Any CPU
		{FEDCE6FA-87F8-4AD9-AFC9-9E60E1168EFA}.Release|Any CPU.ActiveCfg = Release|Any CPU
		{FEDCE6FA-87F8-4AD9-AFC9-9E60E1168EFA}.Release|Any CPU.Build.0 = Release|Any CPU
		{34937631-E13D-4202-B768-68A4CBD24E90}.Debug|Any CPU.ActiveCfg = Debug|Any CPU
		{34937631-E13D-4202-B768-68A4CBD24E90}.Debug|Any CPU.Build.0 = Debug|Any CPU
		{34937631-E13D-4202-B768-68A4CBD24E90}.Release|Any CPU.ActiveCfg = Release|Any CPU
		{34937631-E13D-4202-B768-68A4CBD24E90}.Release|Any CPU.Build.0 = Release|Any CPU
		{EE587501-529A-4FB2-87FC-2BAE2E3EA490}.Debug|Any CPU.ActiveCfg = Debug|Any CPU
		{EE587501-529A-4FB2-87FC-2BAE2E3EA490}.Debug|Any CPU.Build.0 = Debug|Any CPU
		{EE587501-529A-4FB2-87FC-2BAE2E3EA490}.Release|Any CPU.ActiveCfg = Release|Any CPU
		{EE587501-529A-4FB2-87FC-2BAE2E3EA490}.Release|Any CPU.Build.0 = Release|Any CPU
	EndGlobalSection
	GlobalSection(SolutionProperties) = preSolution
		HideSolutionNode = FALSE
	EndGlobalSection
EndGlobal
